// !$*UTF8*$!
{
	archiveVersion = 1;
	classes = {
	};
	objectVersion = 56;
	objects = {

/* Begin PBXBuildFile section */
		0BE76F3934082AE77D5C9131 /* Pods_LoA_To_Do_Refactoring_LoA_To_Do_RefactoringUITests.framework in Frameworks */ = {isa = PBXBuildFile; fileRef = D7425E8BADE204063F93C6B7 /* Pods_LoA_To_Do_Refactoring_LoA_To_Do_RefactoringUITests.framework */; };
		28BF6BEA4EAF55239217EDB2 /* Pods_LoA_To_Do_Refactoring.framework in Frameworks */ = {isa = PBXBuildFile; fileRef = 069CB7D16750A30DDCB3244F /* Pods_LoA_To_Do_Refactoring.framework */; };
		A8388DE4FA11C520C95B87BE /* Pods_LoA_To_Do_RefactoringTests.framework in Frameworks */ = {isa = PBXBuildFile; fileRef = E4715B8D1D6702BF5A70D441 /* Pods_LoA_To_Do_RefactoringTests.framework */; };
		B219BC2E2ACE86B5008123E4 /* AbyssList.plist in Resources */ = {isa = PBXBuildFile; fileRef = B219BC2D2ACE86B5008123E4 /* AbyssList.plist */; };
		B219BC342ACE893C008123E4 /* CharacterClass.plist in Resources */ = {isa = PBXBuildFile; fileRef = B219BC332ACE893C008123E4 /* CharacterClass.plist */; };
		B219BC382ACFDEA7008123E4 /* DetailView.swift in Sources */ = {isa = PBXBuildFile; fileRef = B219BC372ACFDEA7008123E4 /* DetailView.swift */; };
		B219BC3A2AD7BA2E008123E4 /* DetailViewViewModel.swift in Sources */ = {isa = PBXBuildFile; fileRef = B219BC392AD7BA2E008123E4 /* DetailViewViewModel.swift */; };
		B219BC3E2AD7BC2D008123E4 /* ManageToDoInfo.swift in Sources */ = {isa = PBXBuildFile; fileRef = B219BC3D2AD7BC2D008123E4 /* ManageToDoInfo.swift */; };
		B265458F2AB57A59009D69F0 /* LoA_To_Do_RefactoringApp.swift in Sources */ = {isa = PBXBuildFile; fileRef = B265458E2AB57A59009D69F0 /* LoA_To_Do_RefactoringApp.swift */; };
		B26545932AB57A5B009D69F0 /* Assets.xcassets in Resources */ = {isa = PBXBuildFile; fileRef = B26545922AB57A5B009D69F0 /* Assets.xcassets */; };
		B26545962AB57A5B009D69F0 /* Preview Assets.xcassets in Resources */ = {isa = PBXBuildFile; fileRef = B26545952AB57A5B009D69F0 /* Preview Assets.xcassets */; };
		B26545982AB57A5B009D69F0 /* Persistence.swift in Sources */ = {isa = PBXBuildFile; fileRef = B26545972AB57A5B009D69F0 /* Persistence.swift */; };
		B265459B2AB57A5B009D69F0 /* LoA_To_Do_Refactoring.xcdatamodeld in Sources */ = {isa = PBXBuildFile; fileRef = B26545992AB57A5B009D69F0 /* LoA_To_Do_Refactoring.xcdatamodeld */; };
		B26545A52AB57A5B009D69F0 /* LoA_To_Do_RefactoringTests.swift in Sources */ = {isa = PBXBuildFile; fileRef = B26545A42AB57A5B009D69F0 /* LoA_To_Do_RefactoringTests.swift */; };
		B26545AF2AB57A5B009D69F0 /* LoA_To_Do_RefactoringUITests.swift in Sources */ = {isa = PBXBuildFile; fileRef = B26545AE2AB57A5B009D69F0 /* LoA_To_Do_RefactoringUITests.swift */; };
		B26545B12AB57A5B009D69F0 /* LoA_To_Do_RefactoringUITestsLaunchTests.swift in Sources */ = {isa = PBXBuildFile; fileRef = B26545B02AB57A5B009D69F0 /* LoA_To_Do_RefactoringUITestsLaunchTests.swift */; };
		B26545BE2AB57A91009D69F0 /* MainView.swift in Sources */ = {isa = PBXBuildFile; fileRef = B26545BD2AB57A91009D69F0 /* MainView.swift */; };
		B26545C42AB8289E009D69F0 /* SettingView.swift in Sources */ = {isa = PBXBuildFile; fileRef = B26545C32AB8289E009D69F0 /* SettingView.swift */; };
		B26545C62AB839E9009D69F0 /* CharacterSetting.swift in Sources */ = {isa = PBXBuildFile; fileRef = B26545C52AB839E9009D69F0 /* CharacterSetting.swift */; };
		B26545CE2ABEBC73009D69F0 /* characterProfiles.swift in Sources */ = {isa = PBXBuildFile; fileRef = B26545CD2ABEBC73009D69F0 /* characterProfiles.swift */; };
		B26545CF2ABEBC73009D69F0 /* characterProfiles.swift in Sources */ = {isa = PBXBuildFile; fileRef = B26545CD2ABEBC73009D69F0 /* characterProfiles.swift */; };
		B26545D02ABEBC73009D69F0 /* characterProfiles.swift in Sources */ = {isa = PBXBuildFile; fileRef = B26545CD2ABEBC73009D69F0 /* characterProfiles.swift */; };
		B26545D22ABEC051009D69F0 /* CharacterViewModel.swift in Sources */ = {isa = PBXBuildFile; fileRef = B26545D12ABEC051009D69F0 /* CharacterViewModel.swift */; };
		B26545D32ABEC051009D69F0 /* CharacterViewModel.swift in Sources */ = {isa = PBXBuildFile; fileRef = B26545D12ABEC051009D69F0 /* CharacterViewModel.swift */; };
		B26545D42ABEC051009D69F0 /* CharacterViewModel.swift in Sources */ = {isa = PBXBuildFile; fileRef = B26545D12ABEC051009D69F0 /* CharacterViewModel.swift */; };
		B26545DA2AC2BD54009D69F0 /* GoogleService-Info.plist in Resources */ = {isa = PBXBuildFile; fileRef = B26545D92AC2BD54009D69F0 /* GoogleService-Info.plist */; };
		B26545DB2AC2BD54009D69F0 /* GoogleService-Info.plist in Resources */ = {isa = PBXBuildFile; fileRef = B26545D92AC2BD54009D69F0 /* GoogleService-Info.plist */; };
		B26545DC2AC2BD54009D69F0 /* GoogleService-Info.plist in Resources */ = {isa = PBXBuildFile; fileRef = B26545D92AC2BD54009D69F0 /* GoogleService-Info.plist */; };
/* End PBXBuildFile section */

/* Begin PBXContainerItemProxy section */
		B26545A12AB57A5B009D69F0 /* PBXContainerItemProxy */ = {
			isa = PBXContainerItemProxy;
			containerPortal = B26545832AB57A59009D69F0 /* Project object */;
			proxyType = 1;
			remoteGlobalIDString = B265458A2AB57A59009D69F0;
			remoteInfo = "LoA To-Do Refactoring";
		};
		B26545AB2AB57A5B009D69F0 /* PBXContainerItemProxy */ = {
			isa = PBXContainerItemProxy;
			containerPortal = B26545832AB57A59009D69F0 /* Project object */;
			proxyType = 1;
			remoteGlobalIDString = B265458A2AB57A59009D69F0;
			remoteInfo = "LoA To-Do Refactoring";
		};
/* End PBXContainerItemProxy section */

/* Begin PBXFileReference section */
		069CB7D16750A30DDCB3244F /* Pods_LoA_To_Do_Refactoring.framework */ = {isa = PBXFileReference; explicitFileType = wrapper.framework; includeInIndex = 0; path = Pods_LoA_To_Do_Refactoring.framework; sourceTree = BUILT_PRODUCTS_DIR; };
		655414D3882B3604FFD8AC34 /* Pods-LoA To-Do RefactoringTests.debug.xcconfig */ = {isa = PBXFileReference; includeInIndex = 1; lastKnownFileType = text.xcconfig; name = "Pods-LoA To-Do RefactoringTests.debug.xcconfig"; path = "Target Support Files/Pods-LoA To-Do RefactoringTests/Pods-LoA To-Do RefactoringTests.debug.xcconfig"; sourceTree = "<group>"; };
		6CB1C2D3FED02294EA0A5FBA /* Pods-LoA To-Do Refactoring.debug.xcconfig */ = {isa = PBXFileReference; includeInIndex = 1; lastKnownFileType = text.xcconfig; name = "Pods-LoA To-Do Refactoring.debug.xcconfig"; path = "Target Support Files/Pods-LoA To-Do Refactoring/Pods-LoA To-Do Refactoring.debug.xcconfig"; sourceTree = "<group>"; };
		8C1AD484397375AF77147A74 /* Pods-LoA To-Do Refactoring-LoA To-Do RefactoringUITests.debug.xcconfig */ = {isa = PBXFileReference; includeInIndex = 1; lastKnownFileType = text.xcconfig; name = "Pods-LoA To-Do Refactoring-LoA To-Do RefactoringUITests.debug.xcconfig"; path = "Target Support Files/Pods-LoA To-Do Refactoring-LoA To-Do RefactoringUITests/Pods-LoA To-Do Refactoring-LoA To-Do RefactoringUITests.debug.xcconfig"; sourceTree = "<group>"; };
		B219BC2D2ACE86B5008123E4 /* AbyssList.plist */ = {isa = PBXFileReference; lastKnownFileType = text.plist.xml; path = AbyssList.plist; sourceTree = "<group>"; };
		B219BC332ACE893C008123E4 /* CharacterClass.plist */ = {isa = PBXFileReference; fileEncoding = 4; lastKnownFileType = text.plist.xml; path = CharacterClass.plist; sourceTree = "<group>"; };
		B219BC372ACFDEA7008123E4 /* DetailView.swift */ = {isa = PBXFileReference; lastKnownFileType = sourcecode.swift; path = DetailView.swift; sourceTree = "<group>"; };
		B219BC392AD7BA2E008123E4 /* DetailViewViewModel.swift */ = {isa = PBXFileReference; lastKnownFileType = sourcecode.swift; path = DetailViewViewModel.swift; sourceTree = "<group>"; };
		B219BC3D2AD7BC2D008123E4 /* ManageToDoInfo.swift */ = {isa = PBXFileReference; lastKnownFileType = sourcecode.swift; path = ManageToDoInfo.swift; sourceTree = "<group>"; };
		B265458B2AB57A59009D69F0 /* LoA To-Do Refactoring.app */ = {isa = PBXFileReference; explicitFileType = wrapper.application; includeInIndex = 0; path = "LoA To-Do Refactoring.app"; sourceTree = BUILT_PRODUCTS_DIR; };
		B265458E2AB57A59009D69F0 /* LoA_To_Do_RefactoringApp.swift */ = {isa = PBXFileReference; lastKnownFileType = sourcecode.swift; path = LoA_To_Do_RefactoringApp.swift; sourceTree = "<group>"; };
		B26545922AB57A5B009D69F0 /* Assets.xcassets */ = {isa = PBXFileReference; lastKnownFileType = folder.assetcatalog; path = Assets.xcassets; sourceTree = "<group>"; };
		B26545952AB57A5B009D69F0 /* Preview Assets.xcassets */ = {isa = PBXFileReference; lastKnownFileType = folder.assetcatalog; path = "Preview Assets.xcassets"; sourceTree = "<group>"; };
		B26545972AB57A5B009D69F0 /* Persistence.swift */ = {isa = PBXFileReference; lastKnownFileType = sourcecode.swift; path = Persistence.swift; sourceTree = "<group>"; };
		B265459A2AB57A5B009D69F0 /* LoA_To_Do_Refactoring.xcdatamodel */ = {isa = PBXFileReference; lastKnownFileType = wrapper.xcdatamodel; path = LoA_To_Do_Refactoring.xcdatamodel; sourceTree = "<group>"; };
		B26545A02AB57A5B009D69F0 /* LoA To-Do RefactoringTests.xctest */ = {isa = PBXFileReference; explicitFileType = wrapper.cfbundle; includeInIndex = 0; path = "LoA To-Do RefactoringTests.xctest"; sourceTree = BUILT_PRODUCTS_DIR; };
		B26545A42AB57A5B009D69F0 /* LoA_To_Do_RefactoringTests.swift */ = {isa = PBXFileReference; lastKnownFileType = sourcecode.swift; path = LoA_To_Do_RefactoringTests.swift; sourceTree = "<group>"; };
		B26545AA2AB57A5B009D69F0 /* LoA To-Do RefactoringUITests.xctest */ = {isa = PBXFileReference; explicitFileType = wrapper.cfbundle; includeInIndex = 0; path = "LoA To-Do RefactoringUITests.xctest"; sourceTree = BUILT_PRODUCTS_DIR; };
		B26545AE2AB57A5B009D69F0 /* LoA_To_Do_RefactoringUITests.swift */ = {isa = PBXFileReference; lastKnownFileType = sourcecode.swift; path = LoA_To_Do_RefactoringUITests.swift; sourceTree = "<group>"; };
		B26545B02AB57A5B009D69F0 /* LoA_To_Do_RefactoringUITestsLaunchTests.swift */ = {isa = PBXFileReference; lastKnownFileType = sourcecode.swift; path = LoA_To_Do_RefactoringUITestsLaunchTests.swift; sourceTree = "<group>"; };
		B26545BD2AB57A91009D69F0 /* MainView.swift */ = {isa = PBXFileReference; lastKnownFileType = sourcecode.swift; path = MainView.swift; sourceTree = "<group>"; };
		B26545C32AB8289E009D69F0 /* SettingView.swift */ = {isa = PBXFileReference; lastKnownFileType = sourcecode.swift; path = SettingView.swift; sourceTree = "<group>"; };
		B26545C52AB839E9009D69F0 /* CharacterSetting.swift */ = {isa = PBXFileReference; lastKnownFileType = sourcecode.swift; path = CharacterSetting.swift; sourceTree = "<group>"; };
		B26545CD2ABEBC73009D69F0 /* characterProfiles.swift */ = {isa = PBXFileReference; lastKnownFileType = sourcecode.swift; path = characterProfiles.swift; sourceTree = "<group>"; };
		B26545D12ABEC051009D69F0 /* CharacterViewModel.swift */ = {isa = PBXFileReference; lastKnownFileType = sourcecode.swift; path = CharacterViewModel.swift; sourceTree = "<group>"; };
		B26545D92AC2BD54009D69F0 /* GoogleService-Info.plist */ = {isa = PBXFileReference; fileEncoding = 4; lastKnownFileType = text.plist.xml; name = "GoogleService-Info.plist"; path = "../../../GoogleService-Info.plist"; sourceTree = "<group>"; };
		D1CD45F8B10E14F7664F29E0 /* Pods-LoA To-Do Refactoring.release.xcconfig */ = {isa = PBXFileReference; includeInIndex = 1; lastKnownFileType = text.xcconfig; name = "Pods-LoA To-Do Refactoring.release.xcconfig"; path = "Target Support Files/Pods-LoA To-Do Refactoring/Pods-LoA To-Do Refactoring.release.xcconfig"; sourceTree = "<group>"; };
		D7425E8BADE204063F93C6B7 /* Pods_LoA_To_Do_Refactoring_LoA_To_Do_RefactoringUITests.framework */ = {isa = PBXFileReference; explicitFileType = wrapper.framework; includeInIndex = 0; path = Pods_LoA_To_Do_Refactoring_LoA_To_Do_RefactoringUITests.framework; sourceTree = BUILT_PRODUCTS_DIR; };
		E4715B8D1D6702BF5A70D441 /* Pods_LoA_To_Do_RefactoringTests.framework */ = {isa = PBXFileReference; explicitFileType = wrapper.framework; includeInIndex = 0; path = Pods_LoA_To_Do_RefactoringTests.framework; sourceTree = BUILT_PRODUCTS_DIR; };
		EA90D89C80D36D49EADFBDE5 /* Pods-LoA To-Do Refactoring-LoA To-Do RefactoringUITests.release.xcconfig */ = {isa = PBXFileReference; includeInIndex = 1; lastKnownFileType = text.xcconfig; name = "Pods-LoA To-Do Refactoring-LoA To-Do RefactoringUITests.release.xcconfig"; path = "Target Support Files/Pods-LoA To-Do Refactoring-LoA To-Do RefactoringUITests/Pods-LoA To-Do Refactoring-LoA To-Do RefactoringUITests.release.xcconfig"; sourceTree = "<group>"; };
		EAABD20993A94E1277B66D8A /* Pods-LoA To-Do RefactoringTests.release.xcconfig */ = {isa = PBXFileReference; includeInIndex = 1; lastKnownFileType = text.xcconfig; name = "Pods-LoA To-Do RefactoringTests.release.xcconfig"; path = "Target Support Files/Pods-LoA To-Do RefactoringTests/Pods-LoA To-Do RefactoringTests.release.xcconfig"; sourceTree = "<group>"; };
/* End PBXFileReference section */

/* Begin PBXFrameworksBuildPhase section */
		B26545882AB57A59009D69F0 /* Frameworks */ = {
			isa = PBXFrameworksBuildPhase;
			buildActionMask = 2147483647;
			files = (
				28BF6BEA4EAF55239217EDB2 /* Pods_LoA_To_Do_Refactoring.framework in Frameworks */,
			);
			runOnlyForDeploymentPostprocessing = 0;
		};
		B265459D2AB57A5B009D69F0 /* Frameworks */ = {
			isa = PBXFrameworksBuildPhase;
			buildActionMask = 2147483647;
			files = (
				A8388DE4FA11C520C95B87BE /* Pods_LoA_To_Do_RefactoringTests.framework in Frameworks */,
			);
			runOnlyForDeploymentPostprocessing = 0;
		};
		B26545A72AB57A5B009D69F0 /* Frameworks */ = {
			isa = PBXFrameworksBuildPhase;
			buildActionMask = 2147483647;
			files = (
				0BE76F3934082AE77D5C9131 /* Pods_LoA_To_Do_Refactoring_LoA_To_Do_RefactoringUITests.framework in Frameworks */,
			);
			runOnlyForDeploymentPostprocessing = 0;
		};
/* End PBXFrameworksBuildPhase section */

/* Begin PBXGroup section */
		184824823EAA4261219F65A0 /* Frameworks */ = {
			isa = PBXGroup;
			children = (
				069CB7D16750A30DDCB3244F /* Pods_LoA_To_Do_Refactoring.framework */,
				D7425E8BADE204063F93C6B7 /* Pods_LoA_To_Do_Refactoring_LoA_To_Do_RefactoringUITests.framework */,
				E4715B8D1D6702BF5A70D441 /* Pods_LoA_To_Do_RefactoringTests.framework */,
			);
			name = Frameworks;
			sourceTree = "<group>";
		};
		B219BC3F2AD7BCB1008123E4 /* CharacterSetting */ = {
			isa = PBXGroup;
			children = (
				B26545D12ABEC051009D69F0 /* CharacterViewModel.swift */,
				B26545BD2AB57A91009D69F0 /* MainView.swift */,
				B26545C32AB8289E009D69F0 /* SettingView.swift */,
				B26545C52AB839E9009D69F0 /* CharacterSetting.swift */,
				B26545CD2ABEBC73009D69F0 /* characterProfiles.swift */,
			);
			path = CharacterSetting;
			sourceTree = "<group>";
		};
		B219BC402AD7BCD5008123E4 /* CharacterManaging */ = {
			isa = PBXGroup;
			children = (
				B219BC372ACFDEA7008123E4 /* DetailView.swift */,
				B219BC392AD7BA2E008123E4 /* DetailViewViewModel.swift */,
				B219BC3D2AD7BC2D008123E4 /* ManageToDoInfo.swift */,
			);
			path = CharacterManaging;
			sourceTree = "<group>";
		};
		B26545822AB57A59009D69F0 = {
			isa = PBXGroup;
			children = (
				B265458D2AB57A59009D69F0 /* LoA To-Do Refactoring */,
				B26545A32AB57A5B009D69F0 /* LoA To-Do RefactoringTests */,
				B26545AD2AB57A5B009D69F0 /* LoA To-Do RefactoringUITests */,
				B265458C2AB57A59009D69F0 /* Products */,
				D8009BB0A1E56E4BA6EAF7C9 /* Pods */,
				184824823EAA4261219F65A0 /* Frameworks */,
			);
			sourceTree = "<group>";
		};
		B265458C2AB57A59009D69F0 /* Products */ = {
			isa = PBXGroup;
			children = (
				B265458B2AB57A59009D69F0 /* LoA To-Do Refactoring.app */,
				B26545A02AB57A5B009D69F0 /* LoA To-Do RefactoringTests.xctest */,
				B26545AA2AB57A5B009D69F0 /* LoA To-Do RefactoringUITests.xctest */,
			);
			name = Products;
			sourceTree = "<group>";
		};
		B265458D2AB57A59009D69F0 /* LoA To-Do Refactoring */ = {
			isa = PBXGroup;
			children = (
				B219BC3F2AD7BCB1008123E4 /* CharacterSetting */,
				B219BC402AD7BCD5008123E4 /* CharacterManaging */,
				B265458E2AB57A59009D69F0 /* LoA_To_Do_RefactoringApp.swift */,
				B219BC332ACE893C008123E4 /* CharacterClass.plist */,
				B219BC2D2ACE86B5008123E4 /* AbyssList.plist */,
				B26545922AB57A5B009D69F0 /* Assets.xcassets */,
				B26545D92AC2BD54009D69F0 /* GoogleService-Info.plist */,
				B26545972AB57A5B009D69F0 /* Persistence.swift */,
				B26545992AB57A5B009D69F0 /* LoA_To_Do_Refactoring.xcdatamodeld */,
				B26545942AB57A5B009D69F0 /* Preview Content */,
			);
			path = "LoA To-Do Refactoring";
			sourceTree = "<group>";
		};
		B26545942AB57A5B009D69F0 /* Preview Content */ = {
			isa = PBXGroup;
			children = (
				B26545952AB57A5B009D69F0 /* Preview Assets.xcassets */,
			);
			path = "Preview Content";
			sourceTree = "<group>";
		};
		B26545A32AB57A5B009D69F0 /* LoA To-Do RefactoringTests */ = {
			isa = PBXGroup;
			children = (
				B26545A42AB57A5B009D69F0 /* LoA_To_Do_RefactoringTests.swift */,
			);
			path = "LoA To-Do RefactoringTests";
			sourceTree = "<group>";
		};
		B26545AD2AB57A5B009D69F0 /* LoA To-Do RefactoringUITests */ = {
			isa = PBXGroup;
			children = (
				B26545AE2AB57A5B009D69F0 /* LoA_To_Do_RefactoringUITests.swift */,
				B26545B02AB57A5B009D69F0 /* LoA_To_Do_RefactoringUITestsLaunchTests.swift */,
			);
			path = "LoA To-Do RefactoringUITests";
			sourceTree = "<group>";
		};
		D8009BB0A1E56E4BA6EAF7C9 /* Pods */ = {
			isa = PBXGroup;
			children = (
				6CB1C2D3FED02294EA0A5FBA /* Pods-LoA To-Do Refactoring.debug.xcconfig */,
				D1CD45F8B10E14F7664F29E0 /* Pods-LoA To-Do Refactoring.release.xcconfig */,
				8C1AD484397375AF77147A74 /* Pods-LoA To-Do Refactoring-LoA To-Do RefactoringUITests.debug.xcconfig */,
				EA90D89C80D36D49EADFBDE5 /* Pods-LoA To-Do Refactoring-LoA To-Do RefactoringUITests.release.xcconfig */,
				655414D3882B3604FFD8AC34 /* Pods-LoA To-Do RefactoringTests.debug.xcconfig */,
				EAABD20993A94E1277B66D8A /* Pods-LoA To-Do RefactoringTests.release.xcconfig */,
			);
			path = Pods;
			sourceTree = "<group>";
		};
/* End PBXGroup section */

/* Begin PBXNativeTarget section */
		B265458A2AB57A59009D69F0 /* LoA To-Do Refactoring */ = {
			isa = PBXNativeTarget;
			buildConfigurationList = B26545B42AB57A5B009D69F0 /* Build configuration list for PBXNativeTarget "LoA To-Do Refactoring" */;
			buildPhases = (
				3916C53C5AC0B052E57E9BD8 /* [CP] Check Pods Manifest.lock */,
				B26545872AB57A59009D69F0 /* Sources */,
				B26545882AB57A59009D69F0 /* Frameworks */,
				B26545892AB57A59009D69F0 /* Resources */,
				C9EB70CB7CEC6033007AD223 /* [CP] Embed Pods Frameworks */,
			);
			buildRules = (
			);
			dependencies = (
			);
			name = "LoA To-Do Refactoring";
			productName = "LoA To-Do Refactoring";
			productReference = B265458B2AB57A59009D69F0 /* LoA To-Do Refactoring.app */;
			productType = "com.apple.product-type.application";
		};
		B265459F2AB57A5B009D69F0 /* LoA To-Do RefactoringTests */ = {
			isa = PBXNativeTarget;
			buildConfigurationList = B26545B72AB57A5B009D69F0 /* Build configuration list for PBXNativeTarget "LoA To-Do RefactoringTests" */;
			buildPhases = (
				B30C1C02CE83D3B9145BCC56 /* [CP] Check Pods Manifest.lock */,
				B265459C2AB57A5B009D69F0 /* Sources */,
				B265459D2AB57A5B009D69F0 /* Frameworks */,
				B265459E2AB57A5B009D69F0 /* Resources */,
			);
			buildRules = (
			);
			dependencies = (
				B26545A22AB57A5B009D69F0 /* PBXTargetDependency */,
			);
			name = "LoA To-Do RefactoringTests";
			productName = "LoA To-Do RefactoringTests";
			productReference = B26545A02AB57A5B009D69F0 /* LoA To-Do RefactoringTests.xctest */;
			productType = "com.apple.product-type.bundle.unit-test";
		};
		B26545A92AB57A5B009D69F0 /* LoA To-Do RefactoringUITests */ = {
			isa = PBXNativeTarget;
			buildConfigurationList = B26545BA2AB57A5B009D69F0 /* Build configuration list for PBXNativeTarget "LoA To-Do RefactoringUITests" */;
			buildPhases = (
				4AC9DB51527A9151BA9016E1 /* [CP] Check Pods Manifest.lock */,
				B26545A62AB57A5B009D69F0 /* Sources */,
				B26545A72AB57A5B009D69F0 /* Frameworks */,
				B26545A82AB57A5B009D69F0 /* Resources */,
				FD0F65565E5524CCF965687C /* [CP] Embed Pods Frameworks */,
			);
			buildRules = (
			);
			dependencies = (
				B26545AC2AB57A5B009D69F0 /* PBXTargetDependency */,
			);
			name = "LoA To-Do RefactoringUITests";
			productName = "LoA To-Do RefactoringUITests";
			productReference = B26545AA2AB57A5B009D69F0 /* LoA To-Do RefactoringUITests.xctest */;
			productType = "com.apple.product-type.bundle.ui-testing";
		};
/* End PBXNativeTarget section */

/* Begin PBXProject section */
		B26545832AB57A59009D69F0 /* Project object */ = {
			isa = PBXProject;
			attributes = {
				BuildIndependentTargetsInParallel = 1;
				LastSwiftUpdateCheck = 1430;
				LastUpgradeCheck = 1430;
				TargetAttributes = {
					B265458A2AB57A59009D69F0 = {
						CreatedOnToolsVersion = 14.3.1;
					};
					B265459F2AB57A5B009D69F0 = {
						CreatedOnToolsVersion = 14.3.1;
						TestTargetID = B265458A2AB57A59009D69F0;
					};
					B26545A92AB57A5B009D69F0 = {
						CreatedOnToolsVersion = 14.3.1;
						TestTargetID = B265458A2AB57A59009D69F0;
					};
				};
			};
			buildConfigurationList = B26545862AB57A59009D69F0 /* Build configuration list for PBXProject "LoA To-Do Refactoring" */;
			compatibilityVersion = "Xcode 14.0";
			developmentRegion = en;
			hasScannedForEncodings = 0;
			knownRegions = (
				en,
				Base,
			);
			mainGroup = B26545822AB57A59009D69F0;
			productRefGroup = B265458C2AB57A59009D69F0 /* Products */;
			projectDirPath = "";
			projectRoot = "";
			targets = (
				B265458A2AB57A59009D69F0 /* LoA To-Do Refactoring */,
				B265459F2AB57A5B009D69F0 /* LoA To-Do RefactoringTests */,
				B26545A92AB57A5B009D69F0 /* LoA To-Do RefactoringUITests */,
			);
		};
/* End PBXProject section */

/* Begin PBXResourcesBuildPhase section */
		B26545892AB57A59009D69F0 /* Resources */ = {
			isa = PBXResourcesBuildPhase;
			buildActionMask = 2147483647;
			files = (
				B26545962AB57A5B009D69F0 /* Preview Assets.xcassets in Resources */,
				B219BC2E2ACE86B5008123E4 /* AbyssList.plist in Resources */,
				B219BC342ACE893C008123E4 /* CharacterClass.plist in Resources */,
				B26545932AB57A5B009D69F0 /* Assets.xcassets in Resources */,
				B26545DA2AC2BD54009D69F0 /* GoogleService-Info.plist in Resources */,
			);
			runOnlyForDeploymentPostprocessing = 0;
		};
		B265459E2AB57A5B009D69F0 /* Resources */ = {
			isa = PBXResourcesBuildPhase;
			buildActionMask = 2147483647;
			files = (
				B26545DB2AC2BD54009D69F0 /* GoogleService-Info.plist in Resources */,
			);
			runOnlyForDeploymentPostprocessing = 0;
		};
		B26545A82AB57A5B009D69F0 /* Resources */ = {
			isa = PBXResourcesBuildPhase;
			buildActionMask = 2147483647;
			files = (
				B26545DC2AC2BD54009D69F0 /* GoogleService-Info.plist in Resources */,
			);
			runOnlyForDeploymentPostprocessing = 0;
		};
/* End PBXResourcesBuildPhase section */

/* Begin PBXShellScriptBuildPhase section */
		3916C53C5AC0B052E57E9BD8 /* [CP] Check Pods Manifest.lock */ = {
			isa = PBXShellScriptBuildPhase;
			buildActionMask = 2147483647;
			files = (
			);
			inputFileListPaths = (
			);
			inputPaths = (
				"${PODS_PODFILE_DIR_PATH}/Podfile.lock",
				"${PODS_ROOT}/Manifest.lock",
			);
			name = "[CP] Check Pods Manifest.lock";
			outputFileListPaths = (
			);
			outputPaths = (
				"$(DERIVED_FILE_DIR)/Pods-LoA To-Do Refactoring-checkManifestLockResult.txt",
			);
			runOnlyForDeploymentPostprocessing = 0;
			shellPath = /bin/sh;
			shellScript = "diff \"${PODS_PODFILE_DIR_PATH}/Podfile.lock\" \"${PODS_ROOT}/Manifest.lock\" > /dev/null\nif [ $? != 0 ] ; then\n    # print error to STDERR\n    echo \"error: The sandbox is not in sync with the Podfile.lock. Run 'pod install' or update your CocoaPods installation.\" >&2\n    exit 1\nfi\n# This output is used by Xcode 'outputs' to avoid re-running this script phase.\necho \"SUCCESS\" > \"${SCRIPT_OUTPUT_FILE_0}\"\n";
			showEnvVarsInLog = 0;
		};
		4AC9DB51527A9151BA9016E1 /* [CP] Check Pods Manifest.lock */ = {
			isa = PBXShellScriptBuildPhase;
			buildActionMask = 2147483647;
			files = (
			);
			inputFileListPaths = (
			);
			inputPaths = (
				"${PODS_PODFILE_DIR_PATH}/Podfile.lock",
				"${PODS_ROOT}/Manifest.lock",
			);
			name = "[CP] Check Pods Manifest.lock";
			outputFileListPaths = (
			);
			outputPaths = (
				"$(DERIVED_FILE_DIR)/Pods-LoA To-Do Refactoring-LoA To-Do RefactoringUITests-checkManifestLockResult.txt",
			);
			runOnlyForDeploymentPostprocessing = 0;
			shellPath = /bin/sh;
			shellScript = "diff \"${PODS_PODFILE_DIR_PATH}/Podfile.lock\" \"${PODS_ROOT}/Manifest.lock\" > /dev/null\nif [ $? != 0 ] ; then\n    # print error to STDERR\n    echo \"error: The sandbox is not in sync with the Podfile.lock. Run 'pod install' or update your CocoaPods installation.\" >&2\n    exit 1\nfi\n# This output is used by Xcode 'outputs' to avoid re-running this script phase.\necho \"SUCCESS\" > \"${SCRIPT_OUTPUT_FILE_0}\"\n";
			showEnvVarsInLog = 0;
		};
		B30C1C02CE83D3B9145BCC56 /* [CP] Check Pods Manifest.lock */ = {
			isa = PBXShellScriptBuildPhase;
			buildActionMask = 2147483647;
			files = (
			);
			inputFileListPaths = (
			);
			inputPaths = (
				"${PODS_PODFILE_DIR_PATH}/Podfile.lock",
				"${PODS_ROOT}/Manifest.lock",
			);
			name = "[CP] Check Pods Manifest.lock";
			outputFileListPaths = (
			);
			outputPaths = (
				"$(DERIVED_FILE_DIR)/Pods-LoA To-Do RefactoringTests-checkManifestLockResult.txt",
			);
			runOnlyForDeploymentPostprocessing = 0;
			shellPath = /bin/sh;
			shellScript = "diff \"${PODS_PODFILE_DIR_PATH}/Podfile.lock\" \"${PODS_ROOT}/Manifest.lock\" > /dev/null\nif [ $? != 0 ] ; then\n    # print error to STDERR\n    echo \"error: The sandbox is not in sync with the Podfile.lock. Run 'pod install' or update your CocoaPods installation.\" >&2\n    exit 1\nfi\n# This output is used by Xcode 'outputs' to avoid re-running this script phase.\necho \"SUCCESS\" > \"${SCRIPT_OUTPUT_FILE_0}\"\n";
			showEnvVarsInLog = 0;
		};
		C9EB70CB7CEC6033007AD223 /* [CP] Embed Pods Frameworks */ = {
			isa = PBXShellScriptBuildPhase;
			buildActionMask = 2147483647;
			files = (
			);
			inputFileListPaths = (
				"${PODS_ROOT}/Target Support Files/Pods-LoA To-Do Refactoring/Pods-LoA To-Do Refactoring-frameworks-${CONFIGURATION}-input-files.xcfilelist",
			);
			name = "[CP] Embed Pods Frameworks";
			outputFileListPaths = (
				"${PODS_ROOT}/Target Support Files/Pods-LoA To-Do Refactoring/Pods-LoA To-Do Refactoring-frameworks-${CONFIGURATION}-output-files.xcfilelist",
			);
			runOnlyForDeploymentPostprocessing = 0;
			shellPath = /bin/sh;
			shellScript = "\"${PODS_ROOT}/Target Support Files/Pods-LoA To-Do Refactoring/Pods-LoA To-Do Refactoring-frameworks.sh\"\n";
			showEnvVarsInLog = 0;
		};
		FD0F65565E5524CCF965687C /* [CP] Embed Pods Frameworks */ = {
			isa = PBXShellScriptBuildPhase;
			buildActionMask = 2147483647;
			files = (
			);
			inputFileListPaths = (
				"${PODS_ROOT}/Target Support Files/Pods-LoA To-Do Refactoring-LoA To-Do RefactoringUITests/Pods-LoA To-Do Refactoring-LoA To-Do RefactoringUITests-frameworks-${CONFIGURATION}-input-files.xcfilelist",
			);
			name = "[CP] Embed Pods Frameworks";
			outputFileListPaths = (
				"${PODS_ROOT}/Target Support Files/Pods-LoA To-Do Refactoring-LoA To-Do RefactoringUITests/Pods-LoA To-Do Refactoring-LoA To-Do RefactoringUITests-frameworks-${CONFIGURATION}-output-files.xcfilelist",
			);
			runOnlyForDeploymentPostprocessing = 0;
			shellPath = /bin/sh;
			shellScript = "\"${PODS_ROOT}/Target Support Files/Pods-LoA To-Do Refactoring-LoA To-Do RefactoringUITests/Pods-LoA To-Do Refactoring-LoA To-Do RefactoringUITests-frameworks.sh\"\n";
			showEnvVarsInLog = 0;
		};
/* End PBXShellScriptBuildPhase section */

/* Begin PBXSourcesBuildPhase section */
		B26545872AB57A59009D69F0 /* Sources */ = {
			isa = PBXSourcesBuildPhase;
			buildActionMask = 2147483647;
			files = (
				B26545982AB57A5B009D69F0 /* Persistence.swift in Sources */,
				B219BC382ACFDEA7008123E4 /* DetailView.swift in Sources */,
				B26545C42AB8289E009D69F0 /* SettingView.swift in Sources */,
				B26545BE2AB57A91009D69F0 /* MainView.swift in Sources */,
				B26545CE2ABEBC73009D69F0 /* characterProfiles.swift in Sources */,
				B26545D22ABEC051009D69F0 /* CharacterViewModel.swift in Sources */,
				B219BC3A2AD7BA2E008123E4 /* DetailViewViewModel.swift in Sources */,
				B219BC3E2AD7BC2D008123E4 /* ManageToDoInfo.swift in Sources */,
				B265459B2AB57A5B009D69F0 /* LoA_To_Do_Refactoring.xcdatamodeld in Sources */,
				B26545C62AB839E9009D69F0 /* CharacterSetting.swift in Sources */,
				B265458F2AB57A59009D69F0 /* LoA_To_Do_RefactoringApp.swift in Sources */,
			);
			runOnlyForDeploymentPostprocessing = 0;
		};
		B265459C2AB57A5B009D69F0 /* Sources */ = {
			isa = PBXSourcesBuildPhase;
			buildActionMask = 2147483647;
			files = (
				B26545A52AB57A5B009D69F0 /* LoA_To_Do_RefactoringTests.swift in Sources */,
				B26545D32ABEC051009D69F0 /* CharacterViewModel.swift in Sources */,
				B26545CF2ABEBC73009D69F0 /* characterProfiles.swift in Sources */,
			);
			runOnlyForDeploymentPostprocessing = 0;
		};
		B26545A62AB57A5B009D69F0 /* Sources */ = {
			isa = PBXSourcesBuildPhase;
			buildActionMask = 2147483647;
			files = (
				B26545D42ABEC051009D69F0 /* CharacterViewModel.swift in Sources */,
				B26545B12AB57A5B009D69F0 /* LoA_To_Do_RefactoringUITestsLaunchTests.swift in Sources */,
				B26545AF2AB57A5B009D69F0 /* LoA_To_Do_RefactoringUITests.swift in Sources */,
				B26545D02ABEBC73009D69F0 /* characterProfiles.swift in Sources */,
			);
			runOnlyForDeploymentPostprocessing = 0;
		};
/* End PBXSourcesBuildPhase section */

/* Begin PBXTargetDependency section */
		B26545A22AB57A5B009D69F0 /* PBXTargetDependency */ = {
			isa = PBXTargetDependency;
			target = B265458A2AB57A59009D69F0 /* LoA To-Do Refactoring */;
			targetProxy = B26545A12AB57A5B009D69F0 /* PBXContainerItemProxy */;
		};
		B26545AC2AB57A5B009D69F0 /* PBXTargetDependency */ = {
			isa = PBXTargetDependency;
			target = B265458A2AB57A59009D69F0 /* LoA To-Do Refactoring */;
			targetProxy = B26545AB2AB57A5B009D69F0 /* PBXContainerItemProxy */;
		};
/* End PBXTargetDependency section */

/* Begin XCBuildConfiguration section */
		B26545B22AB57A5B009D69F0 /* Debug */ = {
			isa = XCBuildConfiguration;
			buildSettings = {
				ALWAYS_SEARCH_USER_PATHS = NO;
				CLANG_ANALYZER_NONNULL = YES;
				CLANG_ANALYZER_NUMBER_OBJECT_CONVERSION = YES_AGGRESSIVE;
				CLANG_CXX_LANGUAGE_STANDARD = "gnu++20";
				CLANG_ENABLE_MODULES = YES;
				CLANG_ENABLE_OBJC_ARC = YES;
				CLANG_ENABLE_OBJC_WEAK = YES;
				CLANG_WARN_BLOCK_CAPTURE_AUTORELEASING = YES;
				CLANG_WARN_BOOL_CONVERSION = YES;
				CLANG_WARN_COMMA = YES;
				CLANG_WARN_CONSTANT_CONVERSION = YES;
				CLANG_WARN_DEPRECATED_OBJC_IMPLEMENTATIONS = YES;
				CLANG_WARN_DIRECT_OBJC_ISA_USAGE = YES_ERROR;
				CLANG_WARN_DOCUMENTATION_COMMENTS = YES;
				CLANG_WARN_EMPTY_BODY = YES;
				CLANG_WARN_ENUM_CONVERSION = YES;
				CLANG_WARN_INFINITE_RECURSION = YES;
				CLANG_WARN_INT_CONVERSION = YES;
				CLANG_WARN_NON_LITERAL_NULL_CONVERSION = YES;
				CLANG_WARN_OBJC_IMPLICIT_RETAIN_SELF = YES;
				CLANG_WARN_OBJC_LITERAL_CONVERSION = YES;
				CLANG_WARN_OBJC_ROOT_CLASS = YES_ERROR;
				CLANG_WARN_QUOTED_INCLUDE_IN_FRAMEWORK_HEADER = YES;
				CLANG_WARN_RANGE_LOOP_ANALYSIS = YES;
				CLANG_WARN_STRICT_PROTOTYPES = YES;
				CLANG_WARN_SUSPICIOUS_MOVE = YES;
				CLANG_WARN_UNGUARDED_AVAILABILITY = YES_AGGRESSIVE;
				CLANG_WARN_UNREACHABLE_CODE = YES;
				CLANG_WARN__DUPLICATE_METHOD_MATCH = YES;
				COPY_PHASE_STRIP = NO;
				DEBUG_INFORMATION_FORMAT = dwarf;
				ENABLE_STRICT_OBJC_MSGSEND = YES;
				ENABLE_TESTABILITY = YES;
				GCC_C_LANGUAGE_STANDARD = gnu11;
				GCC_DYNAMIC_NO_PIC = NO;
				GCC_NO_COMMON_BLOCKS = YES;
				GCC_OPTIMIZATION_LEVEL = 0;
				GCC_PREPROCESSOR_DEFINITIONS = (
					"DEBUG=1",
					"$(inherited)",
				);
				GCC_WARN_64_TO_32_BIT_CONVERSION = YES;
				GCC_WARN_ABOUT_RETURN_TYPE = YES_ERROR;
				GCC_WARN_UNDECLARED_SELECTOR = YES;
				GCC_WARN_UNINITIALIZED_AUTOS = YES_AGGRESSIVE;
				GCC_WARN_UNUSED_FUNCTION = YES;
				GCC_WARN_UNUSED_VARIABLE = YES;
				IPHONEOS_DEPLOYMENT_TARGET = 16.4;
				MTL_ENABLE_DEBUG_INFO = INCLUDE_SOURCE;
				MTL_FAST_MATH = YES;
				ONLY_ACTIVE_ARCH = YES;
				SDKROOT = iphoneos;
				SWIFT_ACTIVE_COMPILATION_CONDITIONS = DEBUG;
				SWIFT_OPTIMIZATION_LEVEL = "-Onone";
			};
			name = Debug;
		};
		B26545B32AB57A5B009D69F0 /* Release */ = {
			isa = XCBuildConfiguration;
			buildSettings = {
				ALWAYS_SEARCH_USER_PATHS = NO;
				CLANG_ANALYZER_NONNULL = YES;
				CLANG_ANALYZER_NUMBER_OBJECT_CONVERSION = YES_AGGRESSIVE;
				CLANG_CXX_LANGUAGE_STANDARD = "gnu++20";
				CLANG_ENABLE_MODULES = YES;
				CLANG_ENABLE_OBJC_ARC = YES;
				CLANG_ENABLE_OBJC_WEAK = YES;
				CLANG_WARN_BLOCK_CAPTURE_AUTORELEASING = YES;
				CLANG_WARN_BOOL_CONVERSION = YES;
				CLANG_WARN_COMMA = YES;
				CLANG_WARN_CONSTANT_CONVERSION = YES;
				CLANG_WARN_DEPRECATED_OBJC_IMPLEMENTATIONS = YES;
				CLANG_WARN_DIRECT_OBJC_ISA_USAGE = YES_ERROR;
				CLANG_WARN_DOCUMENTATION_COMMENTS = YES;
				CLANG_WARN_EMPTY_BODY = YES;
				CLANG_WARN_ENUM_CONVERSION = YES;
				CLANG_WARN_INFINITE_RECURSION = YES;
				CLANG_WARN_INT_CONVERSION = YES;
				CLANG_WARN_NON_LITERAL_NULL_CONVERSION = YES;
				CLANG_WARN_OBJC_IMPLICIT_RETAIN_SELF = YES;
				CLANG_WARN_OBJC_LITERAL_CONVERSION = YES;
				CLANG_WARN_OBJC_ROOT_CLASS = YES_ERROR;
				CLANG_WARN_QUOTED_INCLUDE_IN_FRAMEWORK_HEADER = YES;
				CLANG_WARN_RANGE_LOOP_ANALYSIS = YES;
				CLANG_WARN_STRICT_PROTOTYPES = YES;
				CLANG_WARN_SUSPICIOUS_MOVE = YES;
				CLANG_WARN_UNGUARDED_AVAILABILITY = YES_AGGRESSIVE;
				CLANG_WARN_UNREACHABLE_CODE = YES;
				CLANG_WARN__DUPLICATE_METHOD_MATCH = YES;
				COPY_PHASE_STRIP = NO;
				DEBUG_INFORMATION_FORMAT = "dwarf-with-dsym";
				ENABLE_NS_ASSERTIONS = NO;
				ENABLE_STRICT_OBJC_MSGSEND = YES;
				GCC_C_LANGUAGE_STANDARD = gnu11;
				GCC_NO_COMMON_BLOCKS = YES;
				GCC_WARN_64_TO_32_BIT_CONVERSION = YES;
				GCC_WARN_ABOUT_RETURN_TYPE = YES_ERROR;
				GCC_WARN_UNDECLARED_SELECTOR = YES;
				GCC_WARN_UNINITIALIZED_AUTOS = YES_AGGRESSIVE;
				GCC_WARN_UNUSED_FUNCTION = YES;
				GCC_WARN_UNUSED_VARIABLE = YES;
				IPHONEOS_DEPLOYMENT_TARGET = 16.4;
				MTL_ENABLE_DEBUG_INFO = NO;
				MTL_FAST_MATH = YES;
				SDKROOT = iphoneos;
				SWIFT_COMPILATION_MODE = wholemodule;
				SWIFT_OPTIMIZATION_LEVEL = "-O";
				VALIDATE_PRODUCT = YES;
			};
			name = Release;
		};
		B26545B52AB57A5B009D69F0 /* Debug */ = {
			isa = XCBuildConfiguration;
			baseConfigurationReference = 6CB1C2D3FED02294EA0A5FBA /* Pods-LoA To-Do Refactoring.debug.xcconfig */;
			buildSettings = {
				ASSETCATALOG_COMPILER_APPICON_NAME = AppIcon;
				ASSETCATALOG_COMPILER_GLOBAL_ACCENT_COLOR_NAME = AccentColor;
				CODE_SIGN_STYLE = Automatic;
				CURRENT_PROJECT_VERSION = 1;
				DEVELOPMENT_ASSET_PATHS = "\"LoA To-Do Refactoring/Preview Content\"";
				DEVELOPMENT_TEAM = FH49FN5F9A;
				ENABLE_PREVIEWS = YES;
				GENERATE_INFOPLIST_FILE = YES;
				INFOPLIST_KEY_UIApplicationSceneManifest_Generation = YES;
				INFOPLIST_KEY_UIApplicationSupportsIndirectInputEvents = YES;
				INFOPLIST_KEY_UILaunchScreen_Generation = YES;
				INFOPLIST_KEY_UISupportedInterfaceOrientations_iPad = "UIInterfaceOrientationPortrait UIInterfaceOrientationPortraitUpsideDown UIInterfaceOrientationLandscapeLeft UIInterfaceOrientationLandscapeRight";
				INFOPLIST_KEY_UISupportedInterfaceOrientations_iPhone = "UIInterfaceOrientationPortrait UIInterfaceOrientationLandscapeLeft UIInterfaceOrientationLandscapeRight";
				INFOPLIST_KEY_UIUserInterfaceStyle = Dark;
				LD_RUNPATH_SEARCH_PATHS = (
					"$(inherited)",
					"@executable_path/Frameworks",
				);
				MARKETING_VERSION = 1.0;
				PRODUCT_BUNDLE_IDENTIFIER = "WonGi.LoA-To-Do-Refactoring";
				PRODUCT_NAME = "$(TARGET_NAME)";
				SWIFT_EMIT_LOC_STRINGS = YES;
				SWIFT_VERSION = 5.0;
				TARGETED_DEVICE_FAMILY = "1,2";
			};
			name = Debug;
		};
		B26545B62AB57A5B009D69F0 /* Release */ = {
			isa = XCBuildConfiguration;
			baseConfigurationReference = D1CD45F8B10E14F7664F29E0 /* Pods-LoA To-Do Refactoring.release.xcconfig */;
			buildSettings = {
				ASSETCATALOG_COMPILER_APPICON_NAME = AppIcon;
				ASSETCATALOG_COMPILER_GLOBAL_ACCENT_COLOR_NAME = AccentColor;
				CODE_SIGN_STYLE = Automatic;
				CURRENT_PROJECT_VERSION = 1;
				DEVELOPMENT_ASSET_PATHS = "\"LoA To-Do Refactoring/Preview Content\"";
				DEVELOPMENT_TEAM = FH49FN5F9A;
				ENABLE_PREVIEWS = YES;
				GENERATE_INFOPLIST_FILE = YES;
				INFOPLIST_KEY_UIApplicationSceneManifest_Generation = YES;
				INFOPLIST_KEY_UIApplicationSupportsIndirectInputEvents = YES;
				INFOPLIST_KEY_UILaunchScreen_Generation = YES;
				INFOPLIST_KEY_UISupportedInterfaceOrientations_iPad = "UIInterfaceOrientationPortrait UIInterfaceOrientationPortraitUpsideDown UIInterfaceOrientationLandscapeLeft UIInterfaceOrientationLandscapeRight";
				INFOPLIST_KEY_UISupportedInterfaceOrientations_iPhone = "UIInterfaceOrientationPortrait UIInterfaceOrientationLandscapeLeft UIInterfaceOrientationLandscapeRight";
				INFOPLIST_KEY_UIUserInterfaceStyle = Dark;
				LD_RUNPATH_SEARCH_PATHS = (
					"$(inherited)",
					"@executable_path/Frameworks",
				);
				MARKETING_VERSION = 1.0;
				PRODUCT_BUNDLE_IDENTIFIER = "WonGi.LoA-To-Do-Refactoring";
				PRODUCT_NAME = "$(TARGET_NAME)";
				SWIFT_EMIT_LOC_STRINGS = YES;
				SWIFT_VERSION = 5.0;
				TARGETED_DEVICE_FAMILY = "1,2";
			};
			name = Release;
		};
		B26545B82AB57A5B009D69F0 /* Debug */ = {
			isa = XCBuildConfiguration;
			baseConfigurationReference = 655414D3882B3604FFD8AC34 /* Pods-LoA To-Do RefactoringTests.debug.xcconfig */;
			buildSettings = {
				ALWAYS_EMBED_SWIFT_STANDARD_LIBRARIES = YES;
				BUNDLE_LOADER = "$(TEST_HOST)";
				CODE_SIGN_STYLE = Automatic;
				CURRENT_PROJECT_VERSION = 1;
				DEVELOPMENT_TEAM = FH49FN5F9A;
				GENERATE_INFOPLIST_FILE = YES;
				IPHONEOS_DEPLOYMENT_TARGET = 16.4;
				MARKETING_VERSION = 1.0;
				PRODUCT_BUNDLE_IDENTIFIER = "WonGi.LoA-To-Do-RefactoringTests";
				PRODUCT_NAME = "$(TARGET_NAME)";
				SWIFT_EMIT_LOC_STRINGS = NO;
				SWIFT_VERSION = 5.0;
				TARGETED_DEVICE_FAMILY = "1,2";
				TEST_HOST = "$(BUILT_PRODUCTS_DIR)/LoA To-Do Refactoring.app/$(BUNDLE_EXECUTABLE_FOLDER_PATH)/LoA To-Do Refactoring";
			};
			name = Debug;
		};
		B26545B92AB57A5B009D69F0 /* Release */ = {
			isa = XCBuildConfiguration;
			baseConfigurationReference = EAABD20993A94E1277B66D8A /* Pods-LoA To-Do RefactoringTests.release.xcconfig */;
			buildSettings = {
				ALWAYS_EMBED_SWIFT_STANDARD_LIBRARIES = YES;
				BUNDLE_LOADER = "$(TEST_HOST)";
				CODE_SIGN_STYLE = Automatic;
				CURRENT_PROJECT_VERSION = 1;
				DEVELOPMENT_TEAM = FH49FN5F9A;
				GENERATE_INFOPLIST_FILE = YES;
				IPHONEOS_DEPLOYMENT_TARGET = 16.4;
				MARKETING_VERSION = 1.0;
				PRODUCT_BUNDLE_IDENTIFIER = "WonGi.LoA-To-Do-RefactoringTests";
				PRODUCT_NAME = "$(TARGET_NAME)";
				SWIFT_EMIT_LOC_STRINGS = NO;
				SWIFT_VERSION = 5.0;
				TARGETED_DEVICE_FAMILY = "1,2";
				TEST_HOST = "$(BUILT_PRODUCTS_DIR)/LoA To-Do Refactoring.app/$(BUNDLE_EXECUTABLE_FOLDER_PATH)/LoA To-Do Refactoring";
			};
			name = Release;
		};
		B26545BB2AB57A5B009D69F0 /* Debug */ = {
			isa = XCBuildConfiguration;
			baseConfigurationReference = 8C1AD484397375AF77147A74 /* Pods-LoA To-Do Refactoring-LoA To-Do RefactoringUITests.debug.xcconfig */;
			buildSettings = {
				ALWAYS_EMBED_SWIFT_STANDARD_LIBRARIES = YES;
				CODE_SIGN_STYLE = Automatic;
				CURRENT_PROJECT_VERSION = 1;
				DEVELOPMENT_TEAM = FH49FN5F9A;
				GENERATE_INFOPLIST_FILE = YES;
				MARKETING_VERSION = 1.0;
				PRODUCT_BUNDLE_IDENTIFIER = "WonGi.LoA-To-Do-RefactoringUITests";
				PRODUCT_NAME = "$(TARGET_NAME)";
				SWIFT_EMIT_LOC_STRINGS = NO;
				SWIFT_VERSION = 5.0;
				TARGETED_DEVICE_FAMILY = "1,2";
				TEST_TARGET_NAME = "LoA To-Do Refactoring";
			};
			name = Debug;
		};
		B26545BC2AB57A5B009D69F0 /* Release */ = {
			isa = XCBuildConfiguration;
			baseConfigurationReference = EA90D89C80D36D49EADFBDE5 /* Pods-LoA To-Do Refactoring-LoA To-Do RefactoringUITests.release.xcconfig */;
			buildSettings = {
				ALWAYS_EMBED_SWIFT_STANDARD_LIBRARIES = YES;
				CODE_SIGN_STYLE = Automatic;
				CURRENT_PROJECT_VERSION = 1;
				DEVELOPMENT_TEAM = FH49FN5F9A;
				GENERATE_INFOPLIST_FILE = YES;
				MARKETING_VERSION = 1.0;
				PRODUCT_BUNDLE_IDENTIFIER = "WonGi.LoA-To-Do-RefactoringUITests";
				PRODUCT_NAME = "$(TARGET_NAME)";
				SWIFT_EMIT_LOC_STRINGS = NO;
				SWIFT_VERSION = 5.0;
				TARGETED_DEVICE_FAMILY = "1,2";
				TEST_TARGET_NAME = "LoA To-Do Refactoring";
			};
			name = Release;
		};
/* End XCBuildConfiguration section */

/* Begin XCConfigurationList section */
		B26545862AB57A59009D69F0 /* Build configuration list for PBXProject "LoA To-Do Refactoring" */ = {
			isa = XCConfigurationList;
			buildConfigurations = (
				B26545B22AB57A5B009D69F0 /* Debug */,
				B26545B32AB57A5B009D69F0 /* Release */,
			);
			defaultConfigurationIsVisible = 0;
			defaultConfigurationName = Release;
		};
		B26545B42AB57A5B009D69F0 /* Build configuration list for PBXNativeTarget "LoA To-Do Refactoring" */ = {
			isa = XCConfigurationList;
			buildConfigurations = (
				B26545B52AB57A5B009D69F0 /* Debug */,
				B26545B62AB57A5B009D69F0 /* Release */,
			);
			defaultConfigurationIsVisible = 0;
			defaultConfigurationName = Release;
		};
		B26545B72AB57A5B009D69F0 /* Build configuration list for PBXNativeTarget "LoA To-Do RefactoringTests" */ = {
			isa = XCConfigurationList;
			buildConfigurations = (
				B26545B82AB57A5B009D69F0 /* Debug */,
				B26545B92AB57A5B009D69F0 /* Release */,
			);
			defaultConfigurationIsVisible = 0;
			defaultConfigurationName = Release;
		};
		B26545BA2AB57A5B009D69F0 /* Build configuration list for PBXNativeTarget "LoA To-Do RefactoringUITests" */ = {
			isa = XCConfigurationList;
			buildConfigurations = (
				B26545BB2AB57A5B009D69F0 /* Debug */,
				B26545BC2AB57A5B009D69F0 /* Release */,
			);
			defaultConfigurationIsVisible = 0;
			defaultConfigurationName = Release;
		};
/* End XCConfigurationList section */

/* Begin XCVersionGroup section */
		B26545992AB57A5B009D69F0 /* LoA_To_Do_Refactoring.xcdatamodeld */ = {
			isa = XCVersionGroup;
			children = (
				B265459A2AB57A5B009D69F0 /* LoA_To_Do_Refactoring.xcdatamodel */,
			);
			currentVersion = B265459A2AB57A5B009D69F0 /* LoA_To_Do_Refactoring.xcdatamodel */;
			path = LoA_To_Do_Refactoring.xcdatamodeld;
			sourceTree = "<group>";
			versionGroupType = wrapper.xcdatamodel;
		};
/* End XCVersionGroup section */
	};
	rootObject = B26545832AB57A59009D69F0 /* Project object */;
}
